
Microsoft Visual Studio Solution File, Format Version 12.00
# Visual Studio Version 17
VisualStudioVersion = 17.8.34330.188
MinimumVisualStudioVersion = 10.0.40219.1
Project("{8BC9CEB8-8B4A-11D0-8D11-00A0C91BC942}") = "Client", "Client\Client.vcxproj", "{53221A09-D000-41C3-9D9B-8F08256C2664}"
EndProject
Project("{8BC9CEB8-8B4A-11D0-8D11-00A0C91BC942}") = "Server", "Server\Server.vcxproj", "{1528E9B5-69C6-478B-AF9E-7DC0D8A80970}"
EndProject
Project("{8BC9CEB8-8B4A-11D0-8D11-00A0C91BC942}") = "Loader", "Loader\Loader.vcxproj", "{FB3F216F-4977-4BAE-A5CA-7CF3580BC7E7}"
EndProject
Global
	GlobalSection(SolutionConfigurationPlatforms) = preSolution
		Debug|x64 = Debug|x64
		Debug|x86 = Debug|x86
		Release|x64 = Release|x64
		Release|x86 = Release|x86
	EndGlobalSection
	GlobalSection(ProjectConfigurationPlatforms) = postSolution
		{53221A09-D000-41C3-9D9B-8F08256C2664}.Debug|x64.ActiveCfg = Debug|x64
		{53221A09-D000-41C3-9D9B-8F08256C2664}.Debug|x64.Build.0 = Debug|x64
		{53221A09-D000-41C3-9D9B-8F08256C2664}.Debug|x86.ActiveCfg = Debug|Win32
		{53221A09-D000-41C3-9D9B-8F08256C2664}.Debug|x86.Build.0 = Debug|Win32
		{53221A09-D000-41C3-9D9B-8F08256C2664}.Release|x64.ActiveCfg = Release|x64
		{53221A09-D000-41C3-9D9B-8F08256C2664}.Release|x64.Build.0 = Release|x64
		{53221A09-D000-41C3-9D9B-8F08256C2664}.Release|x86.ActiveCfg = Release|Win32
		{53221A09-D000-41C3-9D9B-8F08256C2664}.Release|x86.Build.0 = Release|Win32
		{1528E9B5-69C6-478B-AF9E-7DC0D8A80970}.Debug|x64.ActiveCfg = Debug|x64
		{1528E9B5-69C6-478B-AF9E-7DC0D8A80970}.Debug|x64.Build.0 = Debug|x64
		{1528E9B5-69C6-478B-AF9E-7DC0D8A80970}.Debug|x86.ActiveCfg = Debug|Win32
		{1528E9B5-69C6-478B-AF9E-7DC0D8A80970}.Debug|x86.Build.0 = Debug|Win32
		{1528E9B5-69C6-478B-AF9E-7DC0D8A80970}.Release|x64.ActiveCfg = Release|x64
		{1528E9B5-69C6-478B-AF9E-7DC0D8A80970}.Release|x64.Build.0 = Release|x64
		{1528E9B5-69C6-478B-AF9E-7DC0D8A80970}.Release|x86.ActiveCfg = Release|Win32
		{1528E9B5-69C6-478B-AF9E-7DC0D8A80970}.Release|x86.Build.0 = Release|Win32
		{FB3F216F-4977-4BAE-A5CA-7CF3580BC7E7}.Debug|x64.ActiveCfg = Debug|x64
		{FB3F216F-4977-4BAE-A5CA-7CF3580BC7E7}.Debug|x64.Build.0 = Debug|x64
		{FB3F216F-4977-4BAE-A5CA-7CF3580BC7E7}.Debug|x86.ActiveCfg = Debug|Win32
		{FB3F216F-4977-4BAE-A5CA-7CF3580BC7E7}.Debug|x86.Build.0 = Debug|Win32
		{FB3F216F-4977-4BAE-A5CA-7CF3580BC7E7}.Release|x64.ActiveCfg = Release|x64
		{FB3F216F-4977-4BAE-A5CA-7CF3580BC7E7}.Release|x64.Build.0 = Release|x64
		{FB3F216F-4977-4BAE-A5CA-7CF3580BC7E7}.Release|x86.ActiveCfg = Release|Win32
		{FB3F216F-4977-4BAE-A5CA-7CF3580BC7E7}.Release|x86.Build.0 = Release|Win32
	EndGlobalSection
	GlobalSection(SolutionProperties) = preSolution
		HideSolutionNode = FALSE
	EndGlobalSection
	GlobalSection(ExtensibilityGlobals) = postSolution
		SolutionGuid = {7583988D-49A6-4F78-B0C8-4770E67FAFA1}
	EndGlobalSection
EndGlobal
